{
  "nodes": {
    "catppuccin": {
      "inputs": {
        "nixpkgs": [
          "nixpkgs"
        ]
      },
      "locked": {
        "lastModified": 1765990358,
        "narHash": "sha256-l8x0gU8mnYaGMl+gWrsSHKBJlZWD8KXJfHTkRlFiPI0=",
        "owner": "catppuccin",
        "repo": "nix",
        "rev": "de1b60ca45a578f59f7d84c8d338b346017b2161",
        "type": "github"
      },
      "original": {
        "owner": "catppuccin",
        "repo": "nix",
        "type": "github"
      }
    },
    "firefox-addons": {
      "inputs": {
        "nixpkgs": [
          "nixpkgs"
        ]
      },
      "locked": {
        "dir": "pkgs/firefox-addons",
        "lastModified": 1766462603,
        "narHash": "sha256-rLllnfVL2+mUQbWJs4l7ln5kOBuQc62oPhHqDEzbmMk=",
        "owner": "rycee",
        "repo": "nur-expressions",
        "rev": "b19da314b14c0056fced72bd2ab24562f74000ea",
        "type": "gitlab"
      },
      "original": {
        "dir": "pkgs/firefox-addons",
        "owner": "rycee",
        "repo": "nur-expressions",
        "type": "gitlab"
      }
    },
    "home-manager": {
      "inputs": {
        "nixpkgs": [
          "nixpkgs"
        ]
      },
      "locked": {
        "lastModified": 1766387499,
        "narHash": "sha256-AjK3/UKDzeXFeYNLVBaJ3+HLE9he1g5UrlNd4/BM3eA=",
        "owner": "nix-community",
        "repo": "home-manager",
        "rev": "527ad07e6625302b648ed3b28c34b62a79bd103e",
        "type": "github"
      },
      "original": {
        "owner": "nix-community",
        "ref": "master",
        "repo": "home-manager",
        "type": "github"
      }
    },
    "nix-index-database": {
      "inputs": {
        "nixpkgs": [
          "nixpkgs"
        ]
      },
      "locked": {
        "lastModified": 1765267181,
        "narHash": "sha256-d3NBA9zEtBu2JFMnTBqWj7Tmi7R5OikoU2ycrdhQEws=",
        "owner": "nix-community",
        "repo": "nix-index-database",
        "rev": "82befcf7dc77c909b0f2a09f5da910ec95c5b78f",
        "type": "github"
      },
      "original": {
        "owner": "nix-community",
        "repo": "nix-index-database",
        "type": "github"
      }
    },
    "nixpkgs": {
      "locked": {
        "lastModified": 1766309749,
        "narHash": "sha256-3xY8CZ4rSnQ0NqGhMKAy5vgC+2IVK0NoVEzDoOh4DA4=",
        "owner": "NixOs",
        "repo": "nixpkgs",
        "rev": "a6531044f6d0bef691ea18d4d4ce44d0daa6e816",
        "type": "github"
      },
      "original": {
        "owner": "NixOs",
        "ref": "nixos-unstable",
        "repo": "nixpkgs",
        "type": "github"
      }
    },
    "root": {
      "inputs": {
        "catppuccin": "catppuccin",
        "firefox-addons": "firefox-addons",
        "home-manager": "home-manager",
        "nix-index-database": "nix-index-database",
        "nixpkgs": "nixpkgs",
        "stremioDowngrade": "stremioDowngrade"
      }
    },
    "stremioDowngrade": {
      "locked": {
        "lastModified": 1724791368,
        "narHash": "sha256-YyfVjtvI77j9MyUihOeXEisLx42vi5pvNMNmJRoyFb0=",
        "owner": "NixOs",
        "repo": "nixpkgs",
        "rev": "f0eaec3bf29b96bf6f801cc602ed6827a9fa53ec",
        "type": "github"
      },
      "original": {
        "owner": "NixOs",
        "repo": "nixpkgs",
        "rev": "f0eaec3bf29b96bf6f801cc602ed6827a9fa53ec",
        "type": "github"
      }
    }
  },
  "root": "root",
  "version": 7
}
